
Microsoft Visual Studio Solution File, Format Version 12.00
# Visual Studio 14
VisualStudioVersion = 14.0.25420.1
MinimumVisualStudioVersion = 10.0.40219.1
Project("{2150E333-8FDC-42A3-9474-1A3956D46DE8}") = "src", "src", "{903529C2-92CD-4921-BFD8-ACF5A4D3D80E}"
EndProject
Project("{2150E333-8FDC-42A3-9474-1A3956D46DE8}") = "Solution Items", "Solution Items", "{1A40B418-5FDD-424A-AB9A-3BCFD62156D6}"
	ProjectSection(SolutionItems) = preProject
		global.json = global.json
	EndProjectSection
EndProject
Project("{8BB2217D-0F2D-49D1-97BC-3654ED321F3B}") = "TutorialProjektCore", "src\TutorialProjektCore\TutorialProjektCore.xproj", "{7E46A66E-44A0-4DAA-B4AA-FD86A89CF5CE}"
EndProject
Global
	GlobalSection(SolutionConfigurationPlatforms) = preSolution
		Debug|Any CPU = Debug|Any CPU
		Release|Any CPU = Release|Any CPU
	EndGlobalSection
	GlobalSection(ProjectConfigurationPlatforms) = postSolution
		{7E46A66E-44A0-4DAA-B4AA-FD86A89CF5CE}.Debug|Any CPU.ActiveCfg = Debug|Any CPU
		{7E46A66E-44A0-4DAA-B4AA-FD86A89CF5CE}.Debug|Any CPU.Build.0 = Debug|Any CPU
		{7E46A66E-44A0-4DAA-B4AA-FD86A89CF5CE}.Release|Any CPU.ActiveCfg = Release|Any CPU
		{7E46A66E-44A0-4DAA-B4AA-FD86A89CF5CE}.Release|Any CPU.Build.0 = Release|Any CPU
	EndGlobalSection
	GlobalSection(SolutionProperties) = preSolution
		HideSolutionNode = FALSE
	EndGlobalSection
	GlobalSection(NestedProjects) = preSolution
		{7E46A66E-44A0-4DAA-B4AA-FD86A89CF5CE} = {903529C2-92CD-4921-BFD8-ACF5A4D3D80E}
	EndGlobalSection
EndGlobal
